
Microsoft Visual Studio Solution File, Format Version 12.00
# Visual Studio Version 17
VisualStudioVersion = 17.14.36603.0
MinimumVisualStudioVersion = 10.0.40219.1
Project("{FAE04EC0-301F-11D3-BF4B-00C04F79EFBC}") = "ECommerceWeb", "ECommerceWeb.csproj", "{74FD1C02-4237-4686-8153-D81B9D6DE088}"
EndProject
Project("{FAE04EC0-301F-11D3-BF4B-00C04F79EFBC}") = "ECommerceWeb.Domain", "..\ECommerceWeb.Models\ECommerceWeb.Domain.csproj", "{AE941628-9CF9-448E-A351-60DA6E3E2080}"
EndProject
Project("{FAE04EC0-301F-11D3-BF4B-00C04F79EFBC}") = "ECommerceWeb.Application", "..\ECommerceWeb.Utilities\ECommerceWeb.Application.csproj", "{A0CCFF4F-3B89-425F-97C5-5BA2236D1597}"
EndProject
Project("{FAE04EC0-301F-11D3-BF4B-00C04F79EFBC}") = "ECommerceWeb.Infrastucture", "..\ECommerceWeb.DataAccess\ECommerceWeb.Infrastucture.csproj", "{E968B2D9-492D-4D55-9161-32A836E19403}"
EndProject
Global
	GlobalSection(SolutionConfigurationPlatforms) = preSolution
		Debug|Any CPU = Debug|Any CPU
		Release|Any CPU = Release|Any CPU
	EndGlobalSection
	GlobalSection(ProjectConfigurationPlatforms) = postSolution
		{74FD1C02-4237-4686-8153-D81B9D6DE088}.Debug|Any CPU.ActiveCfg = Debug|Any CPU
		{74FD1C02-4237-4686-8153-D81B9D6DE088}.Debug|Any CPU.Build.0 = Debug|Any CPU
		{74FD1C02-4237-4686-8153-D81B9D6DE088}.Release|Any CPU.ActiveCfg = Release|Any CPU
		{74FD1C02-4237-4686-8153-D81B9D6DE088}.Release|Any CPU.Build.0 = Release|Any CPU
		{AE941628-9CF9-448E-A351-60DA6E3E2080}.Debug|Any CPU.ActiveCfg = Debug|Any CPU
		{AE941628-9CF9-448E-A351-60DA6E3E2080}.Debug|Any CPU.Build.0 = Debug|Any CPU
		{AE941628-9CF9-448E-A351-60DA6E3E2080}.Release|Any CPU.ActiveCfg = Release|Any CPU
		{AE941628-9CF9-448E-A351-60DA6E3E2080}.Release|Any CPU.Build.0 = Release|Any CPU
		{A0CCFF4F-3B89-425F-97C5-5BA2236D1597}.Debug|Any CPU.ActiveCfg = Debug|Any CPU
		{A0CCFF4F-3B89-425F-97C5-5BA2236D1597}.Debug|Any CPU.Build.0 = Debug|Any CPU
		{A0CCFF4F-3B89-425F-97C5-5BA2236D1597}.Release|Any CPU.ActiveCfg = Release|Any CPU
		{A0CCFF4F-3B89-425F-97C5-5BA2236D1597}.Release|Any CPU.Build.0 = Release|Any CPU
		{E968B2D9-492D-4D55-9161-32A836E19403}.Debug|Any CPU.ActiveCfg = Debug|Any CPU
		{E968B2D9-492D-4D55-9161-32A836E19403}.Debug|Any CPU.Build.0 = Debug|Any CPU
		{E968B2D9-492D-4D55-9161-32A836E19403}.Release|Any CPU.ActiveCfg = Release|Any CPU
		{E968B2D9-492D-4D55-9161-32A836E19403}.Release|Any CPU.Build.0 = Release|Any CPU
	EndGlobalSection
	GlobalSection(SolutionProperties) = preSolution
		HideSolutionNode = FALSE
	EndGlobalSection
	GlobalSection(ExtensibilityGlobals) = postSolution
		SolutionGuid = {DED3D661-606E-48A6-8753-4717F212FD88}
	EndGlobalSection
EndGlobal
