
Microsoft Visual Studio Solution File, Format Version 12.00
# Visual Studio Version 17
VisualStudioVersion = 17.14.36603.0
MinimumVisualStudioVersion = 10.0.40219.1
Project("{FAE04EC0-301F-11D3-BF4B-00C04F79EFBC}") = "ECommerceWeb", "ECommerceWeb.csproj", "{74FD1C02-4237-4686-8153-D81B9D6DE088}"
EndProject
Project("{FAE04EC0-301F-11D3-BF4B-00C04F79EFBC}") = "ECommerceWeb.Application", "..\ECommerceWeb.Application\ECommerceWeb.Application.csproj", "{EE4CABDD-A1EB-69BA-1064-FEB8AFBAB162}"
EndProject
Project("{FAE04EC0-301F-11D3-BF4B-00C04F79EFBC}") = "ECommerceWeb.Domain", "..\ECommerceWeb.Domain\ECommerceWeb.Domain.csproj", "{E258484F-BDF8-E554-98CA-8FACCA4CC95E}"
EndProject
Project("{FAE04EC0-301F-11D3-BF4B-00C04F79EFBC}") = "ECommerceWeb.Infrastructure", "..\ECommerceWeb.Infrastructure\ECommerceWeb.Infrastructure.csproj", "{62667CE9-FA2B-CBF0-54F5-6F17B8E6405D}"
EndProject
Project("{FAE04EC0-301F-11D3-BF4B-00C04F79EFBC}") = "ECommerceWeb.Application.Test", "..\ECommerceWeb.Application.Test\ECommerceWeb.Application.Test.csproj", "{D3DD3DE6-2618-462B-A956-1F60F1F4B724}"
EndProject
Global
	GlobalSection(SolutionConfigurationPlatforms) = preSolution
		Debug|Any CPU = Debug|Any CPU
		Release|Any CPU = Release|Any CPU
	EndGlobalSection
	GlobalSection(ProjectConfigurationPlatforms) = postSolution
		{74FD1C02-4237-4686-8153-D81B9D6DE088}.Debug|Any CPU.ActiveCfg = Debug|Any CPU
		{74FD1C02-4237-4686-8153-D81B9D6DE088}.Debug|Any CPU.Build.0 = Debug|Any CPU
		{74FD1C02-4237-4686-8153-D81B9D6DE088}.Release|Any CPU.ActiveCfg = Release|Any CPU
		{74FD1C02-4237-4686-8153-D81B9D6DE088}.Release|Any CPU.Build.0 = Release|Any CPU
		{EE4CABDD-A1EB-69BA-1064-FEB8AFBAB162}.Debug|Any CPU.ActiveCfg = Debug|Any CPU
		{EE4CABDD-A1EB-69BA-1064-FEB8AFBAB162}.Debug|Any CPU.Build.0 = Debug|Any CPU
		{EE4CABDD-A1EB-69BA-1064-FEB8AFBAB162}.Release|Any CPU.ActiveCfg = Release|Any CPU
		{EE4CABDD-A1EB-69BA-1064-FEB8AFBAB162}.Release|Any CPU.Build.0 = Release|Any CPU
		{E258484F-BDF8-E554-98CA-8FACCA4CC95E}.Debug|Any CPU.ActiveCfg = Debug|Any CPU
		{E258484F-BDF8-E554-98CA-8FACCA4CC95E}.Debug|Any CPU.Build.0 = Debug|Any CPU
		{E258484F-BDF8-E554-98CA-8FACCA4CC95E}.Release|Any CPU.ActiveCfg = Release|Any CPU
		{E258484F-BDF8-E554-98CA-8FACCA4CC95E}.Release|Any CPU.Build.0 = Release|Any CPU
		{62667CE9-FA2B-CBF0-54F5-6F17B8E6405D}.Debug|Any CPU.ActiveCfg = Debug|Any CPU
		{62667CE9-FA2B-CBF0-54F5-6F17B8E6405D}.Debug|Any CPU.Build.0 = Debug|Any CPU
		{62667CE9-FA2B-CBF0-54F5-6F17B8E6405D}.Release|Any CPU.ActiveCfg = Release|Any CPU
		{62667CE9-FA2B-CBF0-54F5-6F17B8E6405D}.Release|Any CPU.Build.0 = Release|Any CPU
		{D3DD3DE6-2618-462B-A956-1F60F1F4B724}.Debug|Any CPU.ActiveCfg = Debug|Any CPU
		{D3DD3DE6-2618-462B-A956-1F60F1F4B724}.Debug|Any CPU.Build.0 = Debug|Any CPU
		{D3DD3DE6-2618-462B-A956-1F60F1F4B724}.Release|Any CPU.ActiveCfg = Release|Any CPU
		{D3DD3DE6-2618-462B-A956-1F60F1F4B724}.Release|Any CPU.Build.0 = Release|Any CPU
	EndGlobalSection
	GlobalSection(SolutionProperties) = preSolution
		HideSolutionNode = FALSE
	EndGlobalSection
	GlobalSection(ExtensibilityGlobals) = postSolution
		SolutionGuid = {DED3D661-606E-48A6-8753-4717F212FD88}
	EndGlobalSection
EndGlobal
